{
  "version": 1,
  "dependencies": {
    "net7.0": {
      "Silk.NET.Input": {
        "type": "Direct",
        "requested": "[2.17.0, )",
        "resolved": "2.17.0",
        "contentHash": "LamOyRgkzMoHoHT48wAd6d91EQSlpevIBKh7MsDA3bn9P9FUFSs2L+feHucT1pq/r/OtYekFJ/4VcTSifxsKlg==",
        "dependencies": {
          "Silk.NET.Input.Common": "2.17.0",
          "Silk.NET.Input.Glfw": "2.17.0",
          "Silk.NET.Input.Sdl": "2.17.0"
        }
      },
      "Silk.NET.Maths": {
        "type": "Direct",
        "requested": "[2.17.0, )",
        "resolved": "2.17.0",
        "contentHash": "bonrvBJagT6l0GZYU/XIFT+tf+J/RGGevK63ACIKjOov7H6kEGH3J4lr2Zqmw/AJKPWOWS10DKqihnNLnFVf9Q=="
      },
      "Silk.NET.OpenGL": {
        "type": "Direct",
        "requested": "[2.17.0, )",
        "resolved": "2.17.0",
        "contentHash": "gC1ZNkNCaTfQ+iEbt2NiB1YiEgu4p/ZHJ26y+U8ydZOiREDH3drYZBHfo9Lb1NdBxxl8IJiDI5sIExp5nmRj4Q==",
        "dependencies": {
          "Silk.NET.Core": "2.17.0",
          "Silk.NET.Maths": "2.17.0"
        }
      },
      "Silk.NET.Windowing": {
        "type": "Direct",
        "requested": "[2.17.0, )",
        "resolved": "2.17.0",
        "contentHash": "8jic7wVYDNPSeV6efTPPIJR4gLYjN2dsQuwvwtw/o4FJgIUBZ8buvoV4e/n3xCBAtM9QJYVC7PVummHtMnVVZg==",
        "dependencies": {
          "Silk.NET.Windowing.Common": "2.17.0",
          "Silk.NET.Windowing.Glfw": "2.17.0"
        }
      },
      "SkiaSharp": {
        "type": "Direct",
        "requested": "[2.88.3, )",
        "resolved": "2.88.3",
        "contentHash": "GG8X3EdfwyBfwjl639UIiOVOKEdeoqDgYrz0P1MUCnefXt9cofN+AK8YB/v1+5cLMr03ieWCQdDmPqnFIzSxZw==",
        "dependencies": {
          "SkiaSharp.NativeAssets.Win32": "2.88.3",
          "SkiaSharp.NativeAssets.macOS": "2.88.3"
        }
      },
      "Microsoft.CSharp": {
        "type": "Transitive",
        "resolved": "4.7.0",
        "contentHash": "pTj+D3uJWyN3My70i2Hqo+OXixq3Os2D1nJ2x92FFo6sk8fYS1m1WLNTs0Dc1uPaViH0YvEEwvzddQ7y4rhXmA=="
      },
      "Microsoft.DotNet.PlatformAbstractions": {
        "type": "Transitive",
        "resolved": "3.1.6",
        "contentHash": "jek4XYaQ/PGUwDKKhwR8K47Uh1189PFzMeLqO83mXrXQVIpARZCcfuDedH50YDTepBkfijCZN5U/vZi++erxtg=="
      },
      "Microsoft.Extensions.DependencyModel": {
        "type": "Transitive",
        "resolved": "7.0.0",
        "contentHash": "oONNYd71J3LzkWc4fUHl3SvMfiQMYUCo/mDHDEu76hYYxdhdrPYv6fvGv9nnKVyhE9P0h20AU8RZB5OOWQcAXg==",
        "dependencies": {
          "System.Text.Encodings.Web": "7.0.0",
          "System.Text.Json": "7.0.0"
        }
      },
      "Silk.NET.Core": {
        "type": "Transitive",
        "resolved": "2.17.0",
        "contentHash": "zQM7CIY5o1kOUQsa/jZ08aZObXDPcE/aUsbmLxA4NgYtRK4B67p4l4bqD6AHdE/stkhKtx1FvfJne3yO3SGscw==",
        "dependencies": {
          "Microsoft.CSharp": "4.7.0",
          "Microsoft.DotNet.PlatformAbstractions": "3.1.6",
          "Microsoft.Extensions.DependencyModel": "7.0.0",
          "System.Memory": "4.5.5",
          "System.Numerics.Vectors": "4.5.0",
          "System.Runtime.CompilerServices.Unsafe": "6.0.0"
        }
      },
      "Silk.NET.GLFW": {
        "type": "Transitive",
        "resolved": "2.17.0",
        "contentHash": "w6+3cq7q7wc+R1v/JPHV6gngf3sPZE841uqq+EqTNE0cO0LDjxl+XXxZi2EfOUqDkwkdzxQyaUecOcsMXk0Cyg==",
        "dependencies": {
          "Silk.NET.Core": "2.17.0",
          "Ultz.Native.GLFW": "3.3.3.1"
        }
      },
      "Silk.NET.Input.Common": {
        "type": "Transitive",
        "resolved": "2.17.0",
        "contentHash": "0JF7Awvf79x69kA5CCKhf7lmm4RhffsuQzQZ1KyyIJOtIDoq7MtsinCMIgOpo2nTtfSZky2PIfnN0k/ibUElzA==",
        "dependencies": {
          "Silk.NET.Windowing.Common": "2.17.0"
        }
      },
      "Silk.NET.Input.Glfw": {
        "type": "Transitive",
        "resolved": "2.17.0",
        "contentHash": "OahM7h8zE/F43YmBdzrQKBy3VNnBDFhTgeK0M1IFwiqCcLbA9QxvdKdvJR81Xnc376QAr0rpAOrLvZCcLUDhAA==",
        "dependencies": {
          "Silk.NET.Input.Common": "2.17.0",
          "Silk.NET.Windowing.Glfw": "2.17.0"
        }
      },
      "Silk.NET.Input.Sdl": {
        "type": "Transitive",
        "resolved": "2.17.0",
        "contentHash": "bf+m1EHpLTfXRCoQcMDGgdF01hRHyhyCdDuFTSdXizlJjvmQdko/oY4Q8zaDJMya0Q+7qFGWbJU4uMYX4dMuPA==",
        "dependencies": {
          "Silk.NET.Input.Common": "2.17.0",
          "Silk.NET.Windowing.Sdl": "2.17.0"
        }
      },
      "Silk.NET.SDL": {
        "type": "Transitive",
        "resolved": "2.17.0",
        "contentHash": "tG/7EWCXnNoXA8MFdJHTgvEMl6SPPqjBr/uiaR03RqVn2J5EQh4w964O4VYYeOxZtNOzjbOvGkoybmBoTMklHA==",
        "dependencies": {
          "Silk.NET.Core": "2.17.0",
          "Silk.NET.Maths": "2.17.0",
          "Ultz.Native.SDL": "2.0.14.1"
        }
      },
      "Silk.NET.Windowing.Common": {
        "type": "Transitive",
        "resolved": "2.17.0",
        "contentHash": "0ETk81aPaHQdejPbz4mk33+tc/YkYSi+METRHgA3+46st3t6UfcndP4Zpfj+MsgxLro1Wt7wByfDhdWsxq1qkA==",
        "dependencies": {
          "Silk.NET.Core": "2.17.0",
          "Silk.NET.Maths": "2.17.0"
        }
      },
      "Silk.NET.Windowing.Glfw": {
        "type": "Transitive",
        "resolved": "2.17.0",
        "contentHash": "F448Ml+4asJl78jjNfoD8aEX0bWIW2A98nQ9EJbqJLkgY3FcJftm43I17zfZc8QjpCpgHUlA9kVatjyDgdibIA==",
        "dependencies": {
          "Silk.NET.GLFW": "2.17.0",
          "Silk.NET.Windowing.Common": "2.17.0"
        }
      },
      "Silk.NET.Windowing.Sdl": {
        "type": "Transitive",
        "resolved": "2.17.0",
        "contentHash": "t0nvm/m3w3SWsPYWawrmHKZgCvik6XWvTw9/HAnhqCEEh7IESlADVxYKI9JEhOG5e2UZpE99O5Lc5PbH00pDkQ==",
        "dependencies": {
          "Silk.NET.SDL": "2.17.0",
          "Silk.NET.Windowing.Common": "2.17.0"
        }
      },
      "SkiaSharp.NativeAssets.macOS": {
        "type": "Transitive",
        "resolved": "2.88.3",
        "contentHash": "CEbWAXMGFkPV3S1snBKK7jEG3+xud/9kmSAhu0BEUKKtlMdxx+Qal0U9bntQREM9QpqP5xLWZooodi8IlV8MEg=="
      },
      "SkiaSharp.NativeAssets.Win32": {
        "type": "Transitive",
        "resolved": "2.88.3",
        "contentHash": "MU4ASL8VAbTv5vSw1PoiWjjjpjtGhWtFYuJnrN4sNHFCePb2ohQij9JhSdqLLxk7RpRtWPdV93fbA53Pt+J0yw=="
      },
      "System.Memory": {
        "type": "Transitive",
        "resolved": "4.5.5",
        "contentHash": "XIWiDvKPXaTveaB7HVganDlOCRoj03l+jrwNvcge/t8vhGYKvqV+dMv6G4SAX2NoNmN0wZfVPTAlFwZcZvVOUw=="
      },
      "System.Numerics.Vectors": {
        "type": "Transitive",
        "resolved": "4.5.0",
        "contentHash": "QQTlPTl06J/iiDbJCiepZ4H//BVraReU4O4EoRw1U02H5TLUIT7xn3GnDp9AXPSlJUDyFs4uWjWafNX6WrAojQ=="
      },
      "System.Runtime.CompilerServices.Unsafe": {
        "type": "Transitive",
        "resolved": "6.0.0",
        "contentHash": "/iUeP3tq1S0XdNNoMz5C9twLSrM/TH+qElHkXWaPvuNOt+99G75NrV0OS2EqHx5wMN7popYjpc8oTjC1y16DLg=="
      },
      "System.Text.Encodings.Web": {
        "type": "Transitive",
        "resolved": "7.0.0",
        "contentHash": "OP6umVGxc0Z0MvZQBVigj4/U31Pw72ITihDWP9WiWDm+q5aoe0GaJivsfYGq53o6dxH7DcXWiCTl7+0o2CGdmg=="
      },
      "System.Text.Json": {
        "type": "Transitive",
        "resolved": "7.0.0",
        "contentHash": "DaGSsVqKsn/ia6RG8frjwmJonfos0srquhw09TlT8KRw5I43E+4gs+/bZj4K0vShJ5H9imCuXupb4RmS+dBy3w==",
        "dependencies": {
          "System.Text.Encodings.Web": "7.0.0"
        }
      },
      "Ultz.Native.GLFW": {
        "type": "Transitive",
        "resolved": "3.3.3.1",
        "contentHash": "7eUNO/A1+BXZt0HF1i67HByjmQFo/FfdFatdHUlupv1qnu5tKr5RLreZ7O1Fr0oRIcW6kEx7kJY0aPfJBwcJAw=="
      },
      "Ultz.Native.SDL": {
        "type": "Transitive",
        "resolved": "2.0.14.1",
        "contentHash": "pqhYzaFfEXGCZag7JsO3YoNHYALBqFHu4a3Ejyz5rjPW51p3Tfjs82Cz8n9GkohzJADZxSRthNYWpa3Hi1Vp6g=="
      }
    },
    "net7.0/linux": {
      "SkiaSharp.NativeAssets.macOS": {
        "type": "Transitive",
        "resolved": "2.88.3",
        "contentHash": "CEbWAXMGFkPV3S1snBKK7jEG3+xud/9kmSAhu0BEUKKtlMdxx+Qal0U9bntQREM9QpqP5xLWZooodi8IlV8MEg=="
      },
      "SkiaSharp.NativeAssets.Win32": {
        "type": "Transitive",
        "resolved": "2.88.3",
        "contentHash": "MU4ASL8VAbTv5vSw1PoiWjjjpjtGhWtFYuJnrN4sNHFCePb2ohQij9JhSdqLLxk7RpRtWPdV93fbA53Pt+J0yw=="
      },
      "System.Text.Encodings.Web": {
        "type": "Transitive",
        "resolved": "7.0.0",
        "contentHash": "OP6umVGxc0Z0MvZQBVigj4/U31Pw72ITihDWP9WiWDm+q5aoe0GaJivsfYGq53o6dxH7DcXWiCTl7+0o2CGdmg=="
      },
      "Ultz.Native.GLFW": {
        "type": "Transitive",
        "resolved": "3.3.3.1",
        "contentHash": "7eUNO/A1+BXZt0HF1i67HByjmQFo/FfdFatdHUlupv1qnu5tKr5RLreZ7O1Fr0oRIcW6kEx7kJY0aPfJBwcJAw=="
      },
      "Ultz.Native.SDL": {
        "type": "Transitive",
        "resolved": "2.0.14.1",
        "contentHash": "pqhYzaFfEXGCZag7JsO3YoNHYALBqFHu4a3Ejyz5rjPW51p3Tfjs82Cz8n9GkohzJADZxSRthNYWpa3Hi1Vp6g=="
      }
    },
    "net7.0/win": {
      "SkiaSharp.NativeAssets.macOS": {
        "type": "Transitive",
        "resolved": "2.88.3",
        "contentHash": "CEbWAXMGFkPV3S1snBKK7jEG3+xud/9kmSAhu0BEUKKtlMdxx+Qal0U9bntQREM9QpqP5xLWZooodi8IlV8MEg=="
      },
      "SkiaSharp.NativeAssets.Win32": {
        "type": "Transitive",
        "resolved": "2.88.3",
        "contentHash": "MU4ASL8VAbTv5vSw1PoiWjjjpjtGhWtFYuJnrN4sNHFCePb2ohQij9JhSdqLLxk7RpRtWPdV93fbA53Pt+J0yw=="
      },
      "System.Text.Encodings.Web": {
        "type": "Transitive",
        "resolved": "7.0.0",
        "contentHash": "OP6umVGxc0Z0MvZQBVigj4/U31Pw72ITihDWP9WiWDm+q5aoe0GaJivsfYGq53o6dxH7DcXWiCTl7+0o2CGdmg=="
      },
      "Ultz.Native.GLFW": {
        "type": "Transitive",
        "resolved": "3.3.3.1",
        "contentHash": "7eUNO/A1+BXZt0HF1i67HByjmQFo/FfdFatdHUlupv1qnu5tKr5RLreZ7O1Fr0oRIcW6kEx7kJY0aPfJBwcJAw=="
      },
      "Ultz.Native.SDL": {
        "type": "Transitive",
        "resolved": "2.0.14.1",
        "contentHash": "pqhYzaFfEXGCZag7JsO3YoNHYALBqFHu4a3Ejyz5rjPW51p3Tfjs82Cz8n9GkohzJADZxSRthNYWpa3Hi1Vp6g=="
      }
    }
  }
}